
Microsoft Visual Studio Solution File, Format Version 12.00
# Visual Studio Version 16
VisualStudioVersion = 16.0.30204.135
MinimumVisualStudioVersion = 10.0.40219.1
Project("{FAE04EC0-301F-11D3-BF4B-00C04F79EFBC}") = "FitnessClubManagement", "FitnessClubManagement.csproj", "{72674DCE-CC23-4F4F-85BB-9EC34847CAEF}"
EndProject
Project("{FAE04EC0-301F-11D3-BF4B-00C04F79EFBC}") = "FitnessClubManagement.Entities", "..\FitnessClubManagement.Entities\FitnessClubManagement.Entities.csproj", "{CC89EAD7-2EE1-4E5A-934F-156917FE2CDD}"
EndProject
Project("{FAE04EC0-301F-11D3-BF4B-00C04F79EFBC}") = "FitnessClubManagement.DataLayer", "..\FitnessClubManagement.DataLayer\FitnessClubManagement.DataLayer.csproj", "{41328DB7-C3DC-458B-994B-56442942852D}"
EndProject
Project("{FAE04EC0-301F-11D3-BF4B-00C04F79EFBC}") = "FitnessClubManagement.BusinessLayer", "..\FitnessClubManagement.BusinessLayer\FitnessClubManagement.BusinessLayer.csproj", "{D59EF4DF-A96C-4602-B6F2-19D3A3E37B14}"
EndProject
Project("{FAE04EC0-301F-11D3-BF4B-00C04F79EFBC}") = "FitnessClubManagement.Test", "..\FitnessClubManagement.Test\FitnessClubManagement.Test.csproj", "{861D0994-6017-44CE-846D-F4C52AF85226}"
EndProject
Global
	GlobalSection(SolutionConfigurationPlatforms) = preSolution
		Debug|Any CPU = Debug|Any CPU
		Release|Any CPU = Release|Any CPU
	EndGlobalSection
	GlobalSection(ProjectConfigurationPlatforms) = postSolution
		{72674DCE-CC23-4F4F-85BB-9EC34847CAEF}.Debug|Any CPU.ActiveCfg = Debug|Any CPU
		{72674DCE-CC23-4F4F-85BB-9EC34847CAEF}.Debug|Any CPU.Build.0 = Debug|Any CPU
		{72674DCE-CC23-4F4F-85BB-9EC34847CAEF}.Release|Any CPU.ActiveCfg = Release|Any CPU
		{72674DCE-CC23-4F4F-85BB-9EC34847CAEF}.Release|Any CPU.Build.0 = Release|Any CPU
		{CC89EAD7-2EE1-4E5A-934F-156917FE2CDD}.Debug|Any CPU.ActiveCfg = Debug|Any CPU
		{CC89EAD7-2EE1-4E5A-934F-156917FE2CDD}.Debug|Any CPU.Build.0 = Debug|Any CPU
		{CC89EAD7-2EE1-4E5A-934F-156917FE2CDD}.Release|Any CPU.ActiveCfg = Release|Any CPU
		{CC89EAD7-2EE1-4E5A-934F-156917FE2CDD}.Release|Any CPU.Build.0 = Release|Any CPU
		{41328DB7-C3DC-458B-994B-56442942852D}.Debug|Any CPU.ActiveCfg = Debug|Any CPU
		{41328DB7-C3DC-458B-994B-56442942852D}.Debug|Any CPU.Build.0 = Debug|Any CPU
		{41328DB7-C3DC-458B-994B-56442942852D}.Release|Any CPU.ActiveCfg = Release|Any CPU
		{41328DB7-C3DC-458B-994B-56442942852D}.Release|Any CPU.Build.0 = Release|Any CPU
		{D59EF4DF-A96C-4602-B6F2-19D3A3E37B14}.Debug|Any CPU.ActiveCfg = Debug|Any CPU
		{D59EF4DF-A96C-4602-B6F2-19D3A3E37B14}.Debug|Any CPU.Build.0 = Debug|Any CPU
		{D59EF4DF-A96C-4602-B6F2-19D3A3E37B14}.Release|Any CPU.ActiveCfg = Release|Any CPU
		{D59EF4DF-A96C-4602-B6F2-19D3A3E37B14}.Release|Any CPU.Build.0 = Release|Any CPU
		{861D0994-6017-44CE-846D-F4C52AF85226}.Debug|Any CPU.ActiveCfg = Debug|Any CPU
		{861D0994-6017-44CE-846D-F4C52AF85226}.Debug|Any CPU.Build.0 = Debug|Any CPU
		{861D0994-6017-44CE-846D-F4C52AF85226}.Release|Any CPU.ActiveCfg = Release|Any CPU
		{861D0994-6017-44CE-846D-F4C52AF85226}.Release|Any CPU.Build.0 = Release|Any CPU
	EndGlobalSection
	GlobalSection(SolutionProperties) = preSolution
		HideSolutionNode = FALSE
	EndGlobalSection
	GlobalSection(ExtensibilityGlobals) = postSolution
		SolutionGuid = {E475E590-75C5-4775-9995-2FC7B9372C4D}
	EndGlobalSection
EndGlobal
